// !$*UTF8*$!
{
	archiveVersion = 1;
	classes = {
	};
	objectVersion = 55;
	objects = {

/* Begin PBXBuildFile section */
		8394B63F29080FDE0016455D /* AppDelegate.swift in Sources */ = {isa = PBXBuildFile; fileRef = 8394B63E29080FDE0016455D /* AppDelegate.swift */; };
		8394B64129080FDE0016455D /* SceneDelegate.swift in Sources */ = {isa = PBXBuildFile; fileRef = 8394B64029080FDE0016455D /* SceneDelegate.swift */; };
		8394B64329080FDE0016455D /* DogBreedsViewController.swift in Sources */ = {isa = PBXBuildFile; fileRef = 8394B64229080FDE0016455D /* DogBreedsViewController.swift */; };
		8394B64B29080FE00016455D /* Assets.xcassets in Resources */ = {isa = PBXBuildFile; fileRef = 8394B64A29080FE00016455D /* Assets.xcassets */; };
		8394B64E29080FE00016455D /* LaunchScreen.storyboard in Resources */ = {isa = PBXBuildFile; fileRef = 8394B64C29080FE00016455D /* LaunchScreen.storyboard */; };
		8394B65C290811190016455D /* CodableManager.swift in Sources */ = {isa = PBXBuildFile; fileRef = 8394B657290811190016455D /* CodableManager.swift */; };
		8394B65D290811190016455D /* ErrorHandling.swift in Sources */ = {isa = PBXBuildFile; fileRef = 8394B658290811190016455D /* ErrorHandling.swift */; };
		8394B65E290811190016455D /* ErrorManager.swift in Sources */ = {isa = PBXBuildFile; fileRef = 8394B659290811190016455D /* ErrorManager.swift */; };
		8394B65F290811190016455D /* CommunicationManager.swift in Sources */ = {isa = PBXBuildFile; fileRef = 8394B65A290811190016455D /* CommunicationManager.swift */; };
		8394B660290811190016455D /* EndPoints.swift in Sources */ = {isa = PBXBuildFile; fileRef = 8394B65B290811190016455D /* EndPoints.swift */; };
		8394B662290813650016455D /* LoadingManager.swift in Sources */ = {isa = PBXBuildFile; fileRef = 8394B661290813650016455D /* LoadingManager.swift */; };
		8394B665290813A80016455D /* Extensions.swift in Sources */ = {isa = PBXBuildFile; fileRef = 8394B664290813A80016455D /* Extensions.swift */; };
		8394B66E2908187D0016455D /* DogBreedsRemoteDataSource.swift in Sources */ = {isa = PBXBuildFile; fileRef = 8394B66D2908187D0016455D /* DogBreedsRemoteDataSource.swift */; };
		8394B6712908194D0016455D /* DogBreedsModel.swift in Sources */ = {isa = PBXBuildFile; fileRef = 8394B6702908194D0016455D /* DogBreedsModel.swift */; };
		8394B674290821A20016455D /* DogBreedsLayoutViewModel.swift in Sources */ = {isa = PBXBuildFile; fileRef = 8394B673290821A20016455D /* DogBreedsLayoutViewModel.swift */; };
		8394B676290821B50016455D /* DogBreedsViewModel.swift in Sources */ = {isa = PBXBuildFile; fileRef = 8394B675290821B50016455D /* DogBreedsViewModel.swift */; };
		8394B679290FD1E40016455D /* DogBreedsTableViewCell.swift in Sources */ = {isa = PBXBuildFile; fileRef = 8394B678290FD1E40016455D /* DogBreedsTableViewCell.swift */; };
		8394B681290FD4140016455D /* DogBreedRemoteDataSource.swift in Sources */ = {isa = PBXBuildFile; fileRef = 8394B680290FD4140016455D /* DogBreedRemoteDataSource.swift */; };
		8394B683290FD6A00016455D /* DogBreedModel.swift in Sources */ = {isa = PBXBuildFile; fileRef = 8394B682290FD6A00016455D /* DogBreedModel.swift */; };
		8394B685290FD7CC0016455D /* DogBreedLayoutViewModel.swift in Sources */ = {isa = PBXBuildFile; fileRef = 8394B684290FD7CC0016455D /* DogBreedLayoutViewModel.swift */; };
		8394B687290FD8010016455D /* DogBreedViewModel.swift in Sources */ = {isa = PBXBuildFile; fileRef = 8394B686290FD8010016455D /* DogBreedViewModel.swift */; };
		8394B68D290FD8880016455D /* DogBreedViewController.swift in Sources */ = {isa = PBXBuildFile; fileRef = 8394B68C290FD8880016455D /* DogBreedViewController.swift */; };
		8394B68F290FEE100016455D /* DogBreedTableViewCell.swift in Sources */ = {isa = PBXBuildFile; fileRef = 8394B68E290FEE100016455D /* DogBreedTableViewCell.swift */; };
		8394B691290FEE640016455D /* DogBreedImageCollectionViewCell.swift in Sources */ = {isa = PBXBuildFile; fileRef = 8394B690290FEE640016455D /* DogBreedImageCollectionViewCell.swift */; };
		8394B693290FEE840016455D /* DogBreedFlowLayout.swift in Sources */ = {isa = PBXBuildFile; fileRef = 8394B692290FEE840016455D /* DogBreedFlowLayout.swift */; };
		8394B69B29100FB20016455D /* FavoriteViewController.swift in Sources */ = {isa = PBXBuildFile; fileRef = 8394B69A29100FB20016455D /* FavoriteViewController.swift */; };
		8394B69E29112A070016455D /* DogBreeds.xcdatamodeld in Sources */ = {isa = PBXBuildFile; fileRef = 8394B69C29112A070016455D /* DogBreeds.xcdatamodeld */; };
		8394B6A029112A540016455D /* DatabaseManager.swift in Sources */ = {isa = PBXBuildFile; fileRef = 8394B69F29112A540016455D /* DatabaseManager.swift */; };
		8394B6A329112C380016455D /* DBDogBreed+CoreDataClass.swift in Sources */ = {isa = PBXBuildFile; fileRef = 8394B6A129112C380016455D /* DBDogBreed+CoreDataClass.swift */; };
		8394B6A429112C380016455D /* DBDogBreed+CoreDataProperties.swift in Sources */ = {isa = PBXBuildFile; fileRef = 8394B6A229112C380016455D /* DBDogBreed+CoreDataProperties.swift */; };
		8394B6A8291130D20016455D /* Enums.swift in Sources */ = {isa = PBXBuildFile; fileRef = 8394B6A7291130D20016455D /* Enums.swift */; };
		8394B6AB291137DE0016455D /* DogBreedLocalDataSource.swift in Sources */ = {isa = PBXBuildFile; fileRef = 8394B6AA291137DE0016455D /* DogBreedLocalDataSource.swift */; };
		8394B6AD291139130016455D /* DogBreedRepository.swift in Sources */ = {isa = PBXBuildFile; fileRef = 8394B6AC291139130016455D /* DogBreedRepository.swift */; };
		8394B6B3291295D80016455D /* FavoriteViewModel.swift in Sources */ = {isa = PBXBuildFile; fileRef = 8394B6B2291295D80016455D /* FavoriteViewModel.swift */; };
		8394B6B62912A5B90016455D /* FavoriteItemCollectionViewCell.swift in Sources */ = {isa = PBXBuildFile; fileRef = 8394B6B52912A5B90016455D /* FavoriteItemCollectionViewCell.swift */; };
		8394B6B82912B6CC0016455D /* FavoriteLayoutViewModel.swift in Sources */ = {isa = PBXBuildFile; fileRef = 8394B6B72912B6CC0016455D /* FavoriteLayoutViewModel.swift */; };
		8394B6BA2912C4950016455D /* FavoriteFlowLayout.swift in Sources */ = {isa = PBXBuildFile; fileRef = 8394B6B92912C4950016455D /* FavoriteFlowLayout.swift */; };
		8394B6BC2912C50B0016455D /* FavoriteBreedTableViewCell.swift in Sources */ = {isa = PBXBuildFile; fileRef = 8394B6BB2912C50B0016455D /* FavoriteBreedTableViewCell.swift */; };
		8394B6C42913C38C0016455D /* DogBreedsTests.swift in Sources */ = {isa = PBXBuildFile; fileRef = 8394B6C32913C38C0016455D /* DogBreedsTests.swift */; };
		8394B6CC2914281A0016455D /* Constants.swift in Sources */ = {isa = PBXBuildFile; fileRef = 8394B6CB2914281A0016455D /* Constants.swift */; };
		8394B6CF29142EEA0016455D /* BogBreedsAPITests.swift in Sources */ = {isa = PBXBuildFile; fileRef = 8394B6CE29142EEA0016455D /* BogBreedsAPITests.swift */; };
		8394B6D2291430E10016455D /* dog_breeds.json in Resources */ = {isa = PBXBuildFile; fileRef = 8394B6D1291430E10016455D /* dog_breeds.json */; };
		8394B6D5291456BD0016455D /* DogBreedTests.swift in Sources */ = {isa = PBXBuildFile; fileRef = 8394B6D4291456BD0016455D /* DogBreedTests.swift */; };
		8394B6D829145F7F0016455D /* dog_breed.json in Resources */ = {isa = PBXBuildFile; fileRef = 8394B6D729145F7F0016455D /* dog_breed.json */; };
		8394B6DA29145FAC0016455D /* BogBreedAPITests.swift in Sources */ = {isa = PBXBuildFile; fileRef = 8394B6D929145FAC0016455D /* BogBreedAPITests.swift */; };
		8394B6DD291482F60016455D /* FavoriteTests.swift in Sources */ = {isa = PBXBuildFile; fileRef = 8394B6DC291482F60016455D /* FavoriteTests.swift */; };
		8394B6DF291486A40016455D /* README.md in Resources */ = {isa = PBXBuildFile; fileRef = 8394B6DE291486A40016455D /* README.md */; };
/* End PBXBuildFile section */

/* Begin PBXContainerItemProxy section */
		8394B6C52913C38D0016455D /* PBXContainerItemProxy */ = {
			isa = PBXContainerItemProxy;
			containerPortal = 8394B63329080FDE0016455D /* Project object */;
			proxyType = 1;
			remoteGlobalIDString = 8394B63A29080FDE0016455D;
			remoteInfo = DogBreeds;
		};
/* End PBXContainerItemProxy section */

/* Begin PBXFileReference section */
		8394B63B29080FDE0016455D /* DogBreeds.app */ = {isa = PBXFileReference; explicitFileType = wrapper.application; includeInIndex = 0; path = DogBreeds.app; sourceTree = BUILT_PRODUCTS_DIR; };
		8394B63E29080FDE0016455D /* AppDelegate.swift */ = {isa = PBXFileReference; lastKnownFileType = sourcecode.swift; path = AppDelegate.swift; sourceTree = "<group>"; };
		8394B64029080FDE0016455D /* SceneDelegate.swift */ = {isa = PBXFileReference; lastKnownFileType = sourcecode.swift; path = SceneDelegate.swift; sourceTree = "<group>"; };
		8394B64229080FDE0016455D /* DogBreedsViewController.swift */ = {isa = PBXFileReference; lastKnownFileType = sourcecode.swift; path = DogBreedsViewController.swift; sourceTree = "<group>"; };
		8394B64A29080FE00016455D /* Assets.xcassets */ = {isa = PBXFileReference; lastKnownFileType = folder.assetcatalog; path = Assets.xcassets; sourceTree = "<group>"; };
		8394B64D29080FE00016455D /* Base */ = {isa = PBXFileReference; lastKnownFileType = file.storyboard; name = Base; path = Base.lproj/LaunchScreen.storyboard; sourceTree = "<group>"; };
		8394B64F29080FE00016455D /* Info.plist */ = {isa = PBXFileReference; lastKnownFileType = text.plist.xml; path = Info.plist; sourceTree = "<group>"; };
		8394B657290811190016455D /* CodableManager.swift */ = {isa = PBXFileReference; fileEncoding = 4; lastKnownFileType = sourcecode.swift; path = CodableManager.swift; sourceTree = "<group>"; };
		8394B658290811190016455D /* ErrorHandling.swift */ = {isa = PBXFileReference; fileEncoding = 4; lastKnownFileType = sourcecode.swift; path = ErrorHandling.swift; sourceTree = "<group>"; };
		8394B659290811190016455D /* ErrorManager.swift */ = {isa = PBXFileReference; fileEncoding = 4; lastKnownFileType = sourcecode.swift; path = ErrorManager.swift; sourceTree = "<group>"; };
		8394B65A290811190016455D /* CommunicationManager.swift */ = {isa = PBXFileReference; fileEncoding = 4; lastKnownFileType = sourcecode.swift; path = CommunicationManager.swift; sourceTree = "<group>"; };
		8394B65B290811190016455D /* EndPoints.swift */ = {isa = PBXFileReference; fileEncoding = 4; lastKnownFileType = sourcecode.swift; path = EndPoints.swift; sourceTree = "<group>"; };
		8394B661290813650016455D /* LoadingManager.swift */ = {isa = PBXFileReference; fileEncoding = 4; lastKnownFileType = sourcecode.swift; path = LoadingManager.swift; sourceTree = "<group>"; };
		8394B664290813A80016455D /* Extensions.swift */ = {isa = PBXFileReference; fileEncoding = 4; lastKnownFileType = sourcecode.swift; path = Extensions.swift; sourceTree = "<group>"; };
		8394B66D2908187D0016455D /* DogBreedsRemoteDataSource.swift */ = {isa = PBXFileReference; lastKnownFileType = sourcecode.swift; path = DogBreedsRemoteDataSource.swift; sourceTree = "<group>"; };
		8394B6702908194D0016455D /* DogBreedsModel.swift */ = {isa = PBXFileReference; lastKnownFileType = sourcecode.swift; path = DogBreedsModel.swift; sourceTree = "<group>"; };
		8394B673290821A20016455D /* DogBreedsLayoutViewModel.swift */ = {isa = PBXFileReference; lastKnownFileType = sourcecode.swift; path = DogBreedsLayoutViewModel.swift; sourceTree = "<group>"; };
		8394B675290821B50016455D /* DogBreedsViewModel.swift */ = {isa = PBXFileReference; lastKnownFileType = sourcecode.swift; path = DogBreedsViewModel.swift; sourceTree = "<group>"; };
		8394B678290FD1E40016455D /* DogBreedsTableViewCell.swift */ = {isa = PBXFileReference; lastKnownFileType = sourcecode.swift; path = DogBreedsTableViewCell.swift; sourceTree = "<group>"; };
		8394B680290FD4140016455D /* DogBreedRemoteDataSource.swift */ = {isa = PBXFileReference; lastKnownFileType = sourcecode.swift; path = DogBreedRemoteDataSource.swift; sourceTree = "<group>"; };
		8394B682290FD6A00016455D /* DogBreedModel.swift */ = {isa = PBXFileReference; lastKnownFileType = sourcecode.swift; path = DogBreedModel.swift; sourceTree = "<group>"; };
		8394B684290FD7CC0016455D /* DogBreedLayoutViewModel.swift */ = {isa = PBXFileReference; lastKnownFileType = sourcecode.swift; path = DogBreedLayoutViewModel.swift; sourceTree = "<group>"; };
		8394B686290FD8010016455D /* DogBreedViewModel.swift */ = {isa = PBXFileReference; lastKnownFileType = sourcecode.swift; path = DogBreedViewModel.swift; sourceTree = "<group>"; };
		8394B68C290FD8880016455D /* DogBreedViewController.swift */ = {isa = PBXFileReference; lastKnownFileType = sourcecode.swift; path = DogBreedViewController.swift; sourceTree = "<group>"; };
		8394B68E290FEE100016455D /* DogBreedTableViewCell.swift */ = {isa = PBXFileReference; lastKnownFileType = sourcecode.swift; path = DogBreedTableViewCell.swift; sourceTree = "<group>"; };
		8394B690290FEE640016455D /* DogBreedImageCollectionViewCell.swift */ = {isa = PBXFileReference; lastKnownFileType = sourcecode.swift; path = DogBreedImageCollectionViewCell.swift; sourceTree = "<group>"; };
		8394B692290FEE840016455D /* DogBreedFlowLayout.swift */ = {isa = PBXFileReference; lastKnownFileType = sourcecode.swift; path = DogBreedFlowLayout.swift; sourceTree = "<group>"; };
		8394B69A29100FB20016455D /* FavoriteViewController.swift */ = {isa = PBXFileReference; lastKnownFileType = sourcecode.swift; path = FavoriteViewController.swift; sourceTree = "<group>"; };
		8394B69D29112A070016455D /* DogBreeds.xcdatamodel */ = {isa = PBXFileReference; lastKnownFileType = wrapper.xcdatamodel; path = DogBreeds.xcdatamodel; sourceTree = "<group>"; };
		8394B69F29112A540016455D /* DatabaseManager.swift */ = {isa = PBXFileReference; fileEncoding = 4; lastKnownFileType = sourcecode.swift; path = DatabaseManager.swift; sourceTree = "<group>"; };
		8394B6A129112C380016455D /* DBDogBreed+CoreDataClass.swift */ = {isa = PBXFileReference; lastKnownFileType = sourcecode.swift; path = "DBDogBreed+CoreDataClass.swift"; sourceTree = "<group>"; };
		8394B6A229112C380016455D /* DBDogBreed+CoreDataProperties.swift */ = {isa = PBXFileReference; lastKnownFileType = sourcecode.swift; path = "DBDogBreed+CoreDataProperties.swift"; sourceTree = "<group>"; };
		8394B6A7291130D20016455D /* Enums.swift */ = {isa = PBXFileReference; lastKnownFileType = sourcecode.swift; path = Enums.swift; sourceTree = "<group>"; };
		8394B6AA291137DE0016455D /* DogBreedLocalDataSource.swift */ = {isa = PBXFileReference; lastKnownFileType = sourcecode.swift; path = DogBreedLocalDataSource.swift; sourceTree = "<group>"; };
		8394B6AC291139130016455D /* DogBreedRepository.swift */ = {isa = PBXFileReference; lastKnownFileType = sourcecode.swift; path = DogBreedRepository.swift; sourceTree = "<group>"; };
		8394B6B2291295D80016455D /* FavoriteViewModel.swift */ = {isa = PBXFileReference; lastKnownFileType = sourcecode.swift; path = FavoriteViewModel.swift; sourceTree = "<group>"; };
		8394B6B52912A5B90016455D /* FavoriteItemCollectionViewCell.swift */ = {isa = PBXFileReference; lastKnownFileType = sourcecode.swift; path = FavoriteItemCollectionViewCell.swift; sourceTree = "<group>"; };
		8394B6B72912B6CC0016455D /* FavoriteLayoutViewModel.swift */ = {isa = PBXFileReference; lastKnownFileType = sourcecode.swift; path = FavoriteLayoutViewModel.swift; sourceTree = "<group>"; };
		8394B6B92912C4950016455D /* FavoriteFlowLayout.swift */ = {isa = PBXFileReference; lastKnownFileType = sourcecode.swift; path = FavoriteFlowLayout.swift; sourceTree = "<group>"; };
		8394B6BB2912C50B0016455D /* FavoriteBreedTableViewCell.swift */ = {isa = PBXFileReference; lastKnownFileType = sourcecode.swift; path = FavoriteBreedTableViewCell.swift; sourceTree = "<group>"; };
		8394B6C12913C38C0016455D /* DogBreedsTests.xctest */ = {isa = PBXFileReference; explicitFileType = wrapper.cfbundle; includeInIndex = 0; path = DogBreedsTests.xctest; sourceTree = BUILT_PRODUCTS_DIR; };
		8394B6C32913C38C0016455D /* DogBreedsTests.swift */ = {isa = PBXFileReference; lastKnownFileType = sourcecode.swift; path = DogBreedsTests.swift; sourceTree = "<group>"; };
		8394B6CB2914281A0016455D /* Constants.swift */ = {isa = PBXFileReference; lastKnownFileType = sourcecode.swift; path = Constants.swift; sourceTree = "<group>"; };
		8394B6CE29142EEA0016455D /* BogBreedsAPITests.swift */ = {isa = PBXFileReference; lastKnownFileType = sourcecode.swift; path = BogBreedsAPITests.swift; sourceTree = "<group>"; };
		8394B6D1291430E10016455D /* dog_breeds.json */ = {isa = PBXFileReference; lastKnownFileType = text.json; path = dog_breeds.json; sourceTree = "<group>"; };
		8394B6D4291456BD0016455D /* DogBreedTests.swift */ = {isa = PBXFileReference; lastKnownFileType = sourcecode.swift; path = DogBreedTests.swift; sourceTree = "<group>"; };
		8394B6D729145F7F0016455D /* dog_breed.json */ = {isa = PBXFileReference; lastKnownFileType = text.json; path = dog_breed.json; sourceTree = "<group>"; };
		8394B6D929145FAC0016455D /* BogBreedAPITests.swift */ = {isa = PBXFileReference; lastKnownFileType = sourcecode.swift; path = BogBreedAPITests.swift; sourceTree = "<group>"; };
		8394B6DC291482F60016455D /* FavoriteTests.swift */ = {isa = PBXFileReference; lastKnownFileType = sourcecode.swift; path = FavoriteTests.swift; sourceTree = "<group>"; };
		8394B6DE291486A40016455D /* README.md */ = {isa = PBXFileReference; fileEncoding = 4; lastKnownFileType = net.daringfireball.markdown; path = README.md; sourceTree = "<group>"; };
/* End PBXFileReference section */

/* Begin PBXFrameworksBuildPhase section */
		8394B63829080FDE0016455D /* Frameworks */ = {
			isa = PBXFrameworksBuildPhase;
			buildActionMask = 2147483647;
			files = (
			);
			runOnlyForDeploymentPostprocessing = 0;
		};
		8394B6BE2913C38C0016455D /* Frameworks */ = {
			isa = PBXFrameworksBuildPhase;
			buildActionMask = 2147483647;
			files = (
			);
			runOnlyForDeploymentPostprocessing = 0;
		};
/* End PBXFrameworksBuildPhase section */

/* Begin PBXGroup section */
		8394B63229080FDE0016455D = {
			isa = PBXGroup;
			children = (
				8394B63D29080FDE0016455D /* DogBreeds */,
				8394B6C22913C38C0016455D /* DogBreedsTests */,
				8394B63C29080FDE0016455D /* Products */,
			);
			sourceTree = "<group>";
		};
		8394B63C29080FDE0016455D /* Products */ = {
			isa = PBXGroup;
			children = (
				8394B63B29080FDE0016455D /* DogBreeds.app */,
				8394B6C12913C38C0016455D /* DogBreedsTests.xctest */,
			);
			name = Products;
			sourceTree = "<group>";
		};
		8394B63D29080FDE0016455D /* DogBreeds */ = {
			isa = PBXGroup;
			children = (
				8394B6DE291486A40016455D /* README.md */,
				8394B63E29080FDE0016455D /* AppDelegate.swift */,
				8394B64029080FDE0016455D /* SceneDelegate.swift */,
				8394B64A29080FE00016455D /* Assets.xcassets */,
				8394B64C29080FE00016455D /* LaunchScreen.storyboard */,
				8394B69C29112A070016455D /* DogBreeds.xcdatamodeld */,
				8394B668290817A30016455D /* Presentation */,
				8394B66A290818070016455D /* Business Logic */,
				8394B655290810BE0016455D /* Core */,
				8394B64F29080FE00016455D /* Info.plist */,
			);
			path = DogBreeds;
			sourceTree = "<group>";
		};
		8394B655290810BE0016455D /* Core */ = {
			isa = PBXGroup;
			children = (
				8394B663290813800016455D /* AUX */,
				8394B656290810C50016455D /* Communication */,
				8394B661290813650016455D /* LoadingManager.swift */,
				8394B69F29112A540016455D /* DatabaseManager.swift */,
			);
			path = Core;
			sourceTree = "<group>";
		};
		8394B656290810C50016455D /* Communication */ = {
			isa = PBXGroup;
			children = (
				8394B657290811190016455D /* CodableManager.swift */,
				8394B65A290811190016455D /* CommunicationManager.swift */,
				8394B65B290811190016455D /* EndPoints.swift */,
				8394B658290811190016455D /* ErrorHandling.swift */,
				8394B659290811190016455D /* ErrorManager.swift */,
			);
			path = Communication;
			sourceTree = "<group>";
		};
		8394B663290813800016455D /* AUX */ = {
			isa = PBXGroup;
			children = (
				8394B664290813A80016455D /* Extensions.swift */,
				8394B6A7291130D20016455D /* Enums.swift */,
				8394B6CB2914281A0016455D /* Constants.swift */,
			);
			path = AUX;
			sourceTree = "<group>";
		};
		8394B668290817A30016455D /* Presentation */ = {
			isa = PBXGroup;
			children = (
				8394B69829100F8E0016455D /* Favorite */,
				8394B689290FD85B0016455D /* DogBreed */,
				8394B669290817C50016455D /* DogBreeds */,
			);
			path = Presentation;
			sourceTree = "<group>";
		};
		8394B669290817C50016455D /* DogBreeds */ = {
			isa = PBXGroup;
			children = (
				8394B67F290FD3F50016455D /* ViewController */,
				8394B677290FD1BD0016455D /* Cell */,
			);
			path = DogBreeds;
			sourceTree = "<group>";
		};
		8394B66A290818070016455D /* Business Logic */ = {
			isa = PBXGroup;
			children = (
				8394B69729100F7C0016455D /* Favorite */,
				8394B67B290FD3CB0016455D /* DogBreed */,
				8394B66B290818220016455D /* DogBreeds */,
			);
			path = "Business Logic";
			sourceTree = "<group>";
		};
		8394B66B290818220016455D /* DogBreeds */ = {
			isa = PBXGroup;
			children = (
				8394B6722908218B0016455D /* ViewModel */,
				8394B66F290819300016455D /* Model */,
				8394B66C290818360016455D /* DataSource */,
			);
			path = DogBreeds;
			sourceTree = "<group>";
		};
		8394B66C290818360016455D /* DataSource */ = {
			isa = PBXGroup;
			children = (
				8394B66D2908187D0016455D /* DogBreedsRemoteDataSource.swift */,
			);
			path = DataSource;
			sourceTree = "<group>";
		};
		8394B66F290819300016455D /* Model */ = {
			isa = PBXGroup;
			children = (
				8394B6702908194D0016455D /* DogBreedsModel.swift */,
			);
			path = Model;
			sourceTree = "<group>";
		};
		8394B6722908218B0016455D /* ViewModel */ = {
			isa = PBXGroup;
			children = (
				8394B673290821A20016455D /* DogBreedsLayoutViewModel.swift */,
				8394B675290821B50016455D /* DogBreedsViewModel.swift */,
			);
			path = ViewModel;
			sourceTree = "<group>";
		};
		8394B677290FD1BD0016455D /* Cell */ = {
			isa = PBXGroup;
			children = (
				8394B678290FD1E40016455D /* DogBreedsTableViewCell.swift */,
			);
			path = Cell;
			sourceTree = "<group>";
		};
		8394B67B290FD3CB0016455D /* DogBreed */ = {
			isa = PBXGroup;
			children = (
				8394B67E290FD3E80016455D /* ViewModel */,
				8394B67D290FD3E20016455D /* Model */,
				8394B6A9291137BC0016455D /* Repository */,
				8394B67C290FD3DA0016455D /* DataSource */,
			);
			path = DogBreed;
			sourceTree = "<group>";
		};
		8394B67C290FD3DA0016455D /* DataSource */ = {
			isa = PBXGroup;
			children = (
				8394B680290FD4140016455D /* DogBreedRemoteDataSource.swift */,
				8394B6AA291137DE0016455D /* DogBreedLocalDataSource.swift */,
			);
			path = DataSource;
			sourceTree = "<group>";
		};
		8394B67D290FD3E20016455D /* Model */ = {
			isa = PBXGroup;
			children = (
				8394B6A629112C560016455D /* CoreDataModel */,
				8394B682290FD6A00016455D /* DogBreedModel.swift */,
			);
			path = Model;
			sourceTree = "<group>";
		};
		8394B67E290FD3E80016455D /* ViewModel */ = {
			isa = PBXGroup;
			children = (
				8394B684290FD7CC0016455D /* DogBreedLayoutViewModel.swift */,
				8394B686290FD8010016455D /* DogBreedViewModel.swift */,
			);
			path = ViewModel;
			sourceTree = "<group>";
		};
		8394B67F290FD3F50016455D /* ViewController */ = {
			isa = PBXGroup;
			children = (
				8394B64229080FDE0016455D /* DogBreedsViewController.swift */,
			);
			path = ViewController;
			sourceTree = "<group>";
		};
		8394B689290FD85B0016455D /* DogBreed */ = {
			isa = PBXGroup;
			children = (
				8394B68B290FD8770016455D /* Cells */,
				8394B68A290FD8700016455D /* ViewController */,
			);
			path = DogBreed;
			sourceTree = "<group>";
		};
		8394B68A290FD8700016455D /* ViewController */ = {
			isa = PBXGroup;
			children = (
				8394B68C290FD8880016455D /* DogBreedViewController.swift */,
			);
			path = ViewController;
			sourceTree = "<group>";
		};
		8394B68B290FD8770016455D /* Cells */ = {
			isa = PBXGroup;
			children = (
				8394B68E290FEE100016455D /* DogBreedTableViewCell.swift */,
				8394B690290FEE640016455D /* DogBreedImageCollectionViewCell.swift */,
				8394B692290FEE840016455D /* DogBreedFlowLayout.swift */,
			);
			path = Cells;
			sourceTree = "<group>";
		};
		8394B69729100F7C0016455D /* Favorite */ = {
			isa = PBXGroup;
			children = (
				8394B6B1291295AE0016455D /* ViewModel */,
			);
			path = Favorite;
			sourceTree = "<group>";
		};
		8394B69829100F8E0016455D /* Favorite */ = {
			isa = PBXGroup;
			children = (
				8394B69929100F960016455D /* ViewController */,
			);
			path = Favorite;
			sourceTree = "<group>";
		};
		8394B69929100F960016455D /* ViewController */ = {
			isa = PBXGroup;
			children = (
				8394B6B42912A59D0016455D /* Cell */,
				8394B69A29100FB20016455D /* FavoriteViewController.swift */,
			);
			path = ViewController;
			sourceTree = "<group>";
		};
		8394B6A629112C560016455D /* CoreDataModel */ = {
			isa = PBXGroup;
			children = (
				8394B6A129112C380016455D /* DBDogBreed+CoreDataClass.swift */,
				8394B6A229112C380016455D /* DBDogBreed+CoreDataProperties.swift */,
			);
			path = CoreDataModel;
			sourceTree = "<group>";
		};
		8394B6A9291137BC0016455D /* Repository */ = {
			isa = PBXGroup;
			children = (
				8394B6AC291139130016455D /* DogBreedRepository.swift */,
			);
			path = Repository;
			sourceTree = "<group>";
		};
		8394B6B1291295AE0016455D /* ViewModel */ = {
			isa = PBXGroup;
			children = (
				8394B6B2291295D80016455D /* FavoriteViewModel.swift */,
				8394B6B72912B6CC0016455D /* FavoriteLayoutViewModel.swift */,
			);
			path = ViewModel;
			sourceTree = "<group>";
		};
		8394B6B42912A59D0016455D /* Cell */ = {
			isa = PBXGroup;
			children = (
				8394B6B52912A5B90016455D /* FavoriteItemCollectionViewCell.swift */,
				8394B6B92912C4950016455D /* FavoriteFlowLayout.swift */,
				8394B6BB2912C50B0016455D /* FavoriteBreedTableViewCell.swift */,
			);
			path = Cell;
			sourceTree = "<group>";
		};
		8394B6C22913C38C0016455D /* DogBreedsTests */ = {
			isa = PBXGroup;
			children = (
				8394B6DB291482CB0016455D /* Favorite */,
				8394B6D32914568E0016455D /* DogBreed */,
				8394B6CA2913CEE30016455D /* DogBreeds */,
			);
			path = DogBreedsTests;
			sourceTree = "<group>";
		};
		8394B6CA2913CEE30016455D /* DogBreeds */ = {
			isa = PBXGroup;
			children = (
				8394B6D02914308B0016455D /* Mock */,
				8394B6CE29142EEA0016455D /* BogBreedsAPITests.swift */,
				8394B6C32913C38C0016455D /* DogBreedsTests.swift */,
			);
			path = DogBreeds;
			sourceTree = "<group>";
		};
		8394B6D02914308B0016455D /* Mock */ = {
			isa = PBXGroup;
			children = (
				8394B6D1291430E10016455D /* dog_breeds.json */,
			);
			path = Mock;
			sourceTree = "<group>";
		};
		8394B6D32914568E0016455D /* DogBreed */ = {
			isa = PBXGroup;
			children = (
				8394B6D629145F600016455D /* Mock */,
				8394B6D929145FAC0016455D /* BogBreedAPITests.swift */,
				8394B6D4291456BD0016455D /* DogBreedTests.swift */,
			);
			path = DogBreed;
			sourceTree = "<group>";
		};
		8394B6D629145F600016455D /* Mock */ = {
			isa = PBXGroup;
			children = (
				8394B6D729145F7F0016455D /* dog_breed.json */,
			);
			path = Mock;
			sourceTree = "<group>";
		};
		8394B6DB291482CB0016455D /* Favorite */ = {
			isa = PBXGroup;
			children = (
				8394B6DC291482F60016455D /* FavoriteTests.swift */,
			);
			path = Favorite;
			sourceTree = "<group>";
		};
/* End PBXGroup section */

/* Begin PBXNativeTarget section */
		8394B63A29080FDE0016455D /* DogBreeds */ = {
			isa = PBXNativeTarget;
			buildConfigurationList = 8394B65229080FE00016455D /* Build configuration list for PBXNativeTarget "DogBreeds" */;
			buildPhases = (
				8394B63729080FDE0016455D /* Sources */,
				8394B63829080FDE0016455D /* Frameworks */,
				8394B63929080FDE0016455D /* Resources */,
			);
			buildRules = (
			);
			dependencies = (
			);
			name = DogBreeds;
			productName = DogBreeds;
			productReference = 8394B63B29080FDE0016455D /* DogBreeds.app */;
			productType = "com.apple.product-type.application";
		};
		8394B6C02913C38C0016455D /* DogBreedsTests */ = {
			isa = PBXNativeTarget;
			buildConfigurationList = 8394B6C72913C38D0016455D /* Build configuration list for PBXNativeTarget "DogBreedsTests" */;
			buildPhases = (
				8394B6BD2913C38C0016455D /* Sources */,
				8394B6BE2913C38C0016455D /* Frameworks */,
				8394B6BF2913C38C0016455D /* Resources */,
			);
			buildRules = (
			);
			dependencies = (
				8394B6C62913C38D0016455D /* PBXTargetDependency */,
			);
			name = DogBreedsTests;
			productName = DogBreedsTests;
			productReference = 8394B6C12913C38C0016455D /* DogBreedsTests.xctest */;
			productType = "com.apple.product-type.bundle.unit-test";
		};
/* End PBXNativeTarget section */

/* Begin PBXProject section */
		8394B63329080FDE0016455D /* Project object */ = {
			isa = PBXProject;
			attributes = {
				BuildIndependentTargetsInParallel = 1;
				LastSwiftUpdateCheck = 1340;
				LastUpgradeCheck = 1340;
				TargetAttributes = {
					8394B63A29080FDE0016455D = {
						CreatedOnToolsVersion = 13.4.1;
					};
					8394B6C02913C38C0016455D = {
						CreatedOnToolsVersion = 13.4.1;
						TestTargetID = 8394B63A29080FDE0016455D;
					};
				};
			};
			buildConfigurationList = 8394B63629080FDE0016455D /* Build configuration list for PBXProject "DogBreeds" */;
			compatibilityVersion = "Xcode 13.0";
			developmentRegion = en;
			hasScannedForEncodings = 0;
			knownRegions = (
				en,
				Base,
			);
			mainGroup = 8394B63229080FDE0016455D;
			productRefGroup = 8394B63C29080FDE0016455D /* Products */;
			projectDirPath = "";
			projectRoot = "";
			targets = (
				8394B63A29080FDE0016455D /* DogBreeds */,
				8394B6C02913C38C0016455D /* DogBreedsTests */,
			);
		};
/* End PBXProject section */

/* Begin PBXResourcesBuildPhase section */
		8394B63929080FDE0016455D /* Resources */ = {
			isa = PBXResourcesBuildPhase;
			buildActionMask = 2147483647;
			files = (
				8394B6DF291486A40016455D /* README.md in Resources */,
				8394B64E29080FE00016455D /* LaunchScreen.storyboard in Resources */,
				8394B64B29080FE00016455D /* Assets.xcassets in Resources */,
			);
			runOnlyForDeploymentPostprocessing = 0;
		};
		8394B6BF2913C38C0016455D /* Resources */ = {
			isa = PBXResourcesBuildPhase;
			buildActionMask = 2147483647;
			files = (
				8394B6D2291430E10016455D /* dog_breeds.json in Resources */,
				8394B6D829145F7F0016455D /* dog_breed.json in Resources */,
			);
			runOnlyForDeploymentPostprocessing = 0;
		};
/* End PBXResourcesBuildPhase section */

/* Begin PBXSourcesBuildPhase section */
		8394B63729080FDE0016455D /* Sources */ = {
			isa = PBXSourcesBuildPhase;
			buildActionMask = 2147483647;
			files = (
				8394B685290FD7CC0016455D /* DogBreedLayoutViewModel.swift in Sources */,
				8394B65E290811190016455D /* ErrorManager.swift in Sources */,
				8394B68D290FD8880016455D /* DogBreedViewController.swift in Sources */,
				8394B6AD291139130016455D /* DogBreedRepository.swift in Sources */,
				8394B66E2908187D0016455D /* DogBreedsRemoteDataSource.swift in Sources */,
				8394B693290FEE840016455D /* DogBreedFlowLayout.swift in Sources */,
				8394B6B82912B6CC0016455D /* FavoriteLayoutViewModel.swift in Sources */,
				8394B681290FD4140016455D /* DogBreedRemoteDataSource.swift in Sources */,
				8394B6BC2912C50B0016455D /* FavoriteBreedTableViewCell.swift in Sources */,
				8394B65C290811190016455D /* CodableManager.swift in Sources */,
				8394B674290821A20016455D /* DogBreedsLayoutViewModel.swift in Sources */,
				8394B69E29112A070016455D /* DogBreeds.xcdatamodeld in Sources */,
				8394B662290813650016455D /* LoadingManager.swift in Sources */,
				8394B6AB291137DE0016455D /* DogBreedLocalDataSource.swift in Sources */,
				8394B64329080FDE0016455D /* DogBreedsViewController.swift in Sources */,
				8394B6B62912A5B90016455D /* FavoriteItemCollectionViewCell.swift in Sources */,
				8394B65D290811190016455D /* ErrorHandling.swift in Sources */,
				8394B691290FEE640016455D /* DogBreedImageCollectionViewCell.swift in Sources */,
				8394B687290FD8010016455D /* DogBreedViewModel.swift in Sources */,
				8394B665290813A80016455D /* Extensions.swift in Sources */,
				8394B6A429112C380016455D /* DBDogBreed+CoreDataProperties.swift in Sources */,
				8394B679290FD1E40016455D /* DogBreedsTableViewCell.swift in Sources */,
				8394B6A8291130D20016455D /* Enums.swift in Sources */,
				8394B6A329112C380016455D /* DBDogBreed+CoreDataClass.swift in Sources */,
				8394B6712908194D0016455D /* DogBreedsModel.swift in Sources */,
				8394B65F290811190016455D /* CommunicationManager.swift in Sources */,
				8394B69B29100FB20016455D /* FavoriteViewController.swift in Sources */,
				8394B63F29080FDE0016455D /* AppDelegate.swift in Sources */,
				8394B6B3291295D80016455D /* FavoriteViewModel.swift in Sources */,
				8394B676290821B50016455D /* DogBreedsViewModel.swift in Sources */,
				8394B683290FD6A00016455D /* DogBreedModel.swift in Sources */,
				8394B6BA2912C4950016455D /* FavoriteFlowLayout.swift in Sources */,
				8394B68F290FEE100016455D /* DogBreedTableViewCell.swift in Sources */,
				8394B660290811190016455D /* EndPoints.swift in Sources */,
				8394B64129080FDE0016455D /* SceneDelegate.swift in Sources */,
				8394B6CC2914281A0016455D /* Constants.swift in Sources */,
				8394B6A029112A540016455D /* DatabaseManager.swift in Sources */,
			);
			runOnlyForDeploymentPostprocessing = 0;
		};
		8394B6BD2913C38C0016455D /* Sources */ = {
			isa = PBXSourcesBuildPhase;
			buildActionMask = 2147483647;
			files = (
				8394B6DA29145FAC0016455D /* BogBreedAPITests.swift in Sources */,
				8394B6CF29142EEA0016455D /* BogBreedsAPITests.swift in Sources */,
				8394B6D5291456BD0016455D /* DogBreedTests.swift in Sources */,
				8394B6DD291482F60016455D /* FavoriteTests.swift in Sources */,
				8394B6C42913C38C0016455D /* DogBreedsTests.swift in Sources */,
			);
			runOnlyForDeploymentPostprocessing = 0;
		};
/* End PBXSourcesBuildPhase section */

/* Begin PBXTargetDependency section */
		8394B6C62913C38D0016455D /* PBXTargetDependency */ = {
			isa = PBXTargetDependency;
			target = 8394B63A29080FDE0016455D /* DogBreeds */;
			targetProxy = 8394B6C52913C38D0016455D /* PBXContainerItemProxy */;
		};
/* End PBXTargetDependency section */

/* Begin PBXVariantGroup section */
		8394B64C29080FE00016455D /* LaunchScreen.storyboard */ = {
			isa = PBXVariantGroup;
			children = (
				8394B64D29080FE00016455D /* Base */,
			);
			name = LaunchScreen.storyboard;
			sourceTree = "<group>";
		};
/* End PBXVariantGroup section */

/* Begin XCBuildConfiguration section */
		8394B65029080FE00016455D /* Debug */ = {
			isa = XCBuildConfiguration;
			buildSettings = {
				ALWAYS_SEARCH_USER_PATHS = NO;
				CLANG_ANALYZER_NONNULL = YES;
				CLANG_ANALYZER_NUMBER_OBJECT_CONVERSION = YES_AGGRESSIVE;
				CLANG_CXX_LANGUAGE_STANDARD = "gnu++17";
				CLANG_ENABLE_MODULES = YES;
				CLANG_ENABLE_OBJC_ARC = YES;
				CLANG_ENABLE_OBJC_WEAK = YES;
				CLANG_WARN_BLOCK_CAPTURE_AUTORELEASING = YES;
				CLANG_WARN_BOOL_CONVERSION = YES;
				CLANG_WARN_COMMA = YES;
				CLANG_WARN_CONSTANT_CONVERSION = YES;
				CLANG_WARN_DEPRECATED_OBJC_IMPLEMENTATIONS = YES;
				CLANG_WARN_DIRECT_OBJC_ISA_USAGE = YES_ERROR;
				CLANG_WARN_DOCUMENTATION_COMMENTS = YES;
				CLANG_WARN_EMPTY_BODY = YES;
				CLANG_WARN_ENUM_CONVERSION = YES;
				CLANG_WARN_INFINITE_RECURSION = YES;
				CLANG_WARN_INT_CONVERSION = YES;
				CLANG_WARN_NON_LITERAL_NULL_CONVERSION = YES;
				CLANG_WARN_OBJC_IMPLICIT_RETAIN_SELF = YES;
				CLANG_WARN_OBJC_LITERAL_CONVERSION = YES;
				CLANG_WARN_OBJC_ROOT_CLASS = YES_ERROR;
				CLANG_WARN_QUOTED_INCLUDE_IN_FRAMEWORK_HEADER = YES;
				CLANG_WARN_RANGE_LOOP_ANALYSIS = YES;
				CLANG_WARN_STRICT_PROTOTYPES = YES;
				CLANG_WARN_SUSPICIOUS_MOVE = YES;
				CLANG_WARN_UNGUARDED_AVAILABILITY = YES_AGGRESSIVE;
				CLANG_WARN_UNREACHABLE_CODE = YES;
				CLANG_WARN__DUPLICATE_METHOD_MATCH = YES;
				COPY_PHASE_STRIP = NO;
				DEBUG_INFORMATION_FORMAT = dwarf;
				ENABLE_STRICT_OBJC_MSGSEND = YES;
				ENABLE_TESTABILITY = YES;
				GCC_C_LANGUAGE_STANDARD = gnu11;
				GCC_DYNAMIC_NO_PIC = NO;
				GCC_NO_COMMON_BLOCKS = YES;
				GCC_OPTIMIZATION_LEVEL = 0;
				GCC_PREPROCESSOR_DEFINITIONS = (
					"DEBUG=1",
					"$(inherited)",
				);
				GCC_WARN_64_TO_32_BIT_CONVERSION = YES;
				GCC_WARN_ABOUT_RETURN_TYPE = YES_ERROR;
				GCC_WARN_UNDECLARED_SELECTOR = YES;
				GCC_WARN_UNINITIALIZED_AUTOS = YES_AGGRESSIVE;
				GCC_WARN_UNUSED_FUNCTION = YES;
				GCC_WARN_UNUSED_VARIABLE = YES;
				IPHONEOS_DEPLOYMENT_TARGET = 15.5;
				MTL_ENABLE_DEBUG_INFO = INCLUDE_SOURCE;
				MTL_FAST_MATH = YES;
				ONLY_ACTIVE_ARCH = YES;
				SDKROOT = iphoneos;
				SWIFT_ACTIVE_COMPILATION_CONDITIONS = DEBUG;
				SWIFT_OPTIMIZATION_LEVEL = "-Onone";
			};
			name = Debug;
		};
		8394B65129080FE00016455D /* Release */ = {
			isa = XCBuildConfiguration;
			buildSettings = {
				ALWAYS_SEARCH_USER_PATHS = NO;
				CLANG_ANALYZER_NONNULL = YES;
				CLANG_ANALYZER_NUMBER_OBJECT_CONVERSION = YES_AGGRESSIVE;
				CLANG_CXX_LANGUAGE_STANDARD = "gnu++17";
				CLANG_ENABLE_MODULES = YES;
				CLANG_ENABLE_OBJC_ARC = YES;
				CLANG_ENABLE_OBJC_WEAK = YES;
				CLANG_WARN_BLOCK_CAPTURE_AUTORELEASING = YES;
				CLANG_WARN_BOOL_CONVERSION = YES;
				CLANG_WARN_COMMA = YES;
				CLANG_WARN_CONSTANT_CONVERSION = YES;
				CLANG_WARN_DEPRECATED_OBJC_IMPLEMENTATIONS = YES;
				CLANG_WARN_DIRECT_OBJC_ISA_USAGE = YES_ERROR;
				CLANG_WARN_DOCUMENTATION_COMMENTS = YES;
				CLANG_WARN_EMPTY_BODY = YES;
				CLANG_WARN_ENUM_CONVERSION = YES;
				CLANG_WARN_INFINITE_RECURSION = YES;
				CLANG_WARN_INT_CONVERSION = YES;
				CLANG_WARN_NON_LITERAL_NULL_CONVERSION = YES;
				CLANG_WARN_OBJC_IMPLICIT_RETAIN_SELF = YES;
				CLANG_WARN_OBJC_LITERAL_CONVERSION = YES;
				CLANG_WARN_OBJC_ROOT_CLASS = YES_ERROR;
				CLANG_WARN_QUOTED_INCLUDE_IN_FRAMEWORK_HEADER = YES;
				CLANG_WARN_RANGE_LOOP_ANALYSIS = YES;
				CLANG_WARN_STRICT_PROTOTYPES = YES;
				CLANG_WARN_SUSPICIOUS_MOVE = YES;
				CLANG_WARN_UNGUARDED_AVAILABILITY = YES_AGGRESSIVE;
				CLANG_WARN_UNREACHABLE_CODE = YES;
				CLANG_WARN__DUPLICATE_METHOD_MATCH = YES;
				COPY_PHASE_STRIP = NO;
				DEBUG_INFORMATION_FORMAT = "dwarf-with-dsym";
				ENABLE_NS_ASSERTIONS = NO;
				ENABLE_STRICT_OBJC_MSGSEND = YES;
				GCC_C_LANGUAGE_STANDARD = gnu11;
				GCC_NO_COMMON_BLOCKS = YES;
				GCC_WARN_64_TO_32_BIT_CONVERSION = YES;
				GCC_WARN_ABOUT_RETURN_TYPE = YES_ERROR;
				GCC_WARN_UNDECLARED_SELECTOR = YES;
				GCC_WARN_UNINITIALIZED_AUTOS = YES_AGGRESSIVE;
				GCC_WARN_UNUSED_FUNCTION = YES;
				GCC_WARN_UNUSED_VARIABLE = YES;
				IPHONEOS_DEPLOYMENT_TARGET = 15.5;
				MTL_ENABLE_DEBUG_INFO = NO;
				MTL_FAST_MATH = YES;
				SDKROOT = iphoneos;
				SWIFT_COMPILATION_MODE = wholemodule;
				SWIFT_OPTIMIZATION_LEVEL = "-O";
				VALIDATE_PRODUCT = YES;
			};
			name = Release;
		};
		8394B65329080FE00016455D /* Debug */ = {
			isa = XCBuildConfiguration;
			buildSettings = {
				ASSETCATALOG_COMPILER_APPICON_NAME = AppIcon;
				ASSETCATALOG_COMPILER_GLOBAL_ACCENT_COLOR_NAME = AccentColor;
				CODE_SIGN_STYLE = Automatic;
				CURRENT_PROJECT_VERSION = 1;
				GENERATE_INFOPLIST_FILE = YES;
				INFOPLIST_FILE = DogBreeds/Info.plist;
				INFOPLIST_KEY_UIApplicationSupportsIndirectInputEvents = YES;
				INFOPLIST_KEY_UILaunchStoryboardName = LaunchScreen;
				INFOPLIST_KEY_UISupportedInterfaceOrientations_iPad = "UIInterfaceOrientationPortrait UIInterfaceOrientationPortraitUpsideDown UIInterfaceOrientationLandscapeLeft UIInterfaceOrientationLandscapeRight";
				INFOPLIST_KEY_UISupportedInterfaceOrientations_iPhone = "UIInterfaceOrientationPortrait UIInterfaceOrientationLandscapeLeft UIInterfaceOrientationLandscapeRight";
				LD_RUNPATH_SEARCH_PATHS = (
					"$(inherited)",
					"@executable_path/Frameworks",
				);
				MARKETING_VERSION = 1.0;
				PRODUCT_BUNDLE_IDENTIFIER = com.bola.DogBreeds;
				PRODUCT_NAME = "$(TARGET_NAME)";
				SWIFT_EMIT_LOC_STRINGS = YES;
				SWIFT_VERSION = 5.0;
				TARGETED_DEVICE_FAMILY = "1,2";
			};
			name = Debug;
		};
		8394B65429080FE00016455D /* Release */ = {
			isa = XCBuildConfiguration;
			buildSettings = {
				ASSETCATALOG_COMPILER_APPICON_NAME = AppIcon;
				ASSETCATALOG_COMPILER_GLOBAL_ACCENT_COLOR_NAME = AccentColor;
				CODE_SIGN_STYLE = Automatic;
				CURRENT_PROJECT_VERSION = 1;
				GENERATE_INFOPLIST_FILE = YES;
				INFOPLIST_FILE = DogBreeds/Info.plist;
				INFOPLIST_KEY_UIApplicationSupportsIndirectInputEvents = YES;
				INFOPLIST_KEY_UILaunchStoryboardName = LaunchScreen;
				INFOPLIST_KEY_UISupportedInterfaceOrientations_iPad = "UIInterfaceOrientationPortrait UIInterfaceOrientationPortraitUpsideDown UIInterfaceOrientationLandscapeLeft UIInterfaceOrientationLandscapeRight";
				INFOPLIST_KEY_UISupportedInterfaceOrientations_iPhone = "UIInterfaceOrientationPortrait UIInterfaceOrientationLandscapeLeft UIInterfaceOrientationLandscapeRight";
				LD_RUNPATH_SEARCH_PATHS = (
					"$(inherited)",
					"@executable_path/Frameworks",
				);
				MARKETING_VERSION = 1.0;
				PRODUCT_BUNDLE_IDENTIFIER = com.bola.DogBreeds;
				PRODUCT_NAME = "$(TARGET_NAME)";
				SWIFT_EMIT_LOC_STRINGS = YES;
				SWIFT_VERSION = 5.0;
				TARGETED_DEVICE_FAMILY = "1,2";
			};
			name = Release;
		};
		8394B6C82913C38D0016455D /* Debug */ = {
			isa = XCBuildConfiguration;
			buildSettings = {
				BUNDLE_LOADER = "$(TEST_HOST)";
				CODE_SIGN_STYLE = Automatic;
				CURRENT_PROJECT_VERSION = 1;
				GENERATE_INFOPLIST_FILE = YES;
				MARKETING_VERSION = 1.0;
				PRODUCT_BUNDLE_IDENTIFIER = com.bola.DogBreedsTests;
				PRODUCT_NAME = "$(TARGET_NAME)";
				SWIFT_EMIT_LOC_STRINGS = NO;
				SWIFT_VERSION = 5.0;
				TARGETED_DEVICE_FAMILY = "1,2";
				TEST_HOST = "$(BUILT_PRODUCTS_DIR)/DogBreeds.app/DogBreeds";
			};
			name = Debug;
		};
		8394B6C92913C38D0016455D /* Release */ = {
			isa = XCBuildConfiguration;
			buildSettings = {
				BUNDLE_LOADER = "$(TEST_HOST)";
				CODE_SIGN_STYLE = Automatic;
				CURRENT_PROJECT_VERSION = 1;
				GENERATE_INFOPLIST_FILE = YES;
				MARKETING_VERSION = 1.0;
				PRODUCT_BUNDLE_IDENTIFIER = com.bola.DogBreedsTests;
				PRODUCT_NAME = "$(TARGET_NAME)";
				SWIFT_EMIT_LOC_STRINGS = NO;
				SWIFT_VERSION = 5.0;
				TARGETED_DEVICE_FAMILY = "1,2";
				TEST_HOST = "$(BUILT_PRODUCTS_DIR)/DogBreeds.app/DogBreeds";
			};
			name = Release;
		};
/* End XCBuildConfiguration section */

/* Begin XCConfigurationList section */
		8394B63629080FDE0016455D /* Build configuration list for PBXProject "DogBreeds" */ = {
			isa = XCConfigurationList;
			buildConfigurations = (
				8394B65029080FE00016455D /* Debug */,
				8394B65129080FE00016455D /* Release */,
			);
			defaultConfigurationIsVisible = 0;
			defaultConfigurationName = Release;
		};
		8394B65229080FE00016455D /* Build configuration list for PBXNativeTarget "DogBreeds" */ = {
			isa = XCConfigurationList;
			buildConfigurations = (
				8394B65329080FE00016455D /* Debug */,
				8394B65429080FE00016455D /* Release */,
			);
			defaultConfigurationIsVisible = 0;
			defaultConfigurationName = Release;
		};
		8394B6C72913C38D0016455D /* Build configuration list for PBXNativeTarget "DogBreedsTests" */ = {
			isa = XCConfigurationList;
			buildConfigurations = (
				8394B6C82913C38D0016455D /* Debug */,
				8394B6C92913C38D0016455D /* Release */,
			);
			defaultConfigurationIsVisible = 0;
			defaultConfigurationName = Release;
		};
/* End XCConfigurationList section */

/* Begin XCVersionGroup section */
		8394B69C29112A070016455D /* DogBreeds.xcdatamodeld */ = {
			isa = XCVersionGroup;
			children = (
				8394B69D29112A070016455D /* DogBreeds.xcdatamodel */,
			);
			currentVersion = 8394B69D29112A070016455D /* DogBreeds.xcdatamodel */;
			name = DogBreeds.xcdatamodeld;
			path = Presentation/DogBreed/Cells/DogBreeds.xcdatamodeld;
			sourceTree = "<group>";
			versionGroupType = wrapper.xcdatamodel;
		};
/* End XCVersionGroup section */
	};
	rootObject = 8394B63329080FDE0016455D /* Project object */;
}
